{
	"name": "nanoctl",
	"version": "0.0.2-alpha.5",
	"lockfileVersion": 3,
	"requires": true,
	"packages": {
		"": {
			"name": "nanoctl",
			"version": "0.0.2-alpha.5",
			"license": "MIT",
			"dependencies": {
				"@clack/prompts": "^0.8.2",
				"commander": "^12.1.0",
				"figlet": "^1.8.0",
				"fs-extra": "^11.2.0",
				"picocolors": "^1.1.1",
				"simple-git": "^3.27.0",
				"yocto-spinner": "^0.1.1"
			},
			"bin": {
				"nanoctl": "index.js"
			},
			"engines": {
				"node": ">=18.0.0"
			}
		},
		"../../node_modules/.pnpm/@clack+prompts@0.8.2/node_modules/@clack/prompts": {
			"version": "0.8.2",
			"license": "MIT",
			"dependencies": {
				"@clack/core": "0.3.5",
				"picocolors": "^1.0.0",
				"sisteransi": "^1.0.5"
			},
			"devDependencies": {
				"is-unicode-supported": "^1.3.0"
			}
		},
		"../../node_modules/.pnpm/commander@12.1.0/node_modules/commander": {
			"version": "12.1.0",
			"license": "MIT",
			"devDependencies": {
				"@eslint/js": "^8.56.0",
				"@types/jest": "^29.2.4",
				"@types/node": "^20.2.5",
				"eslint": "^8.30.0",
				"eslint-config-prettier": "^9.1.0",
				"eslint-plugin-jest": "^28.3.0",
				"eslint-plugin-jsdoc": "^48.1.0",
				"globals": "^13.24.0",
				"jest": "^29.3.1",
				"prettier": "^3.2.5",
				"prettier-plugin-jsdoc": "^1.3.0",
				"ts-jest": "^29.0.3",
				"tsd": "^0.31.0",
				"typescript": "^5.0.4",
				"typescript-eslint": "^7.0.1"
			},
			"engines": {
				"node": ">=18"
			}
		},
		"../../node_modules/.pnpm/figlet@1.8.0/node_modules/figlet": {
			"version": "1.8.0",
			"license": "MIT",
			"bin": {
				"figlet": "bin/index.js"
			},
			"devDependencies": {
				"async": "~3.2.4",
				"grunt": "^1.6.1",
				"grunt-contrib-clean": "~2.0.1",
				"grunt-contrib-jshint": "^3.2.0",
				"grunt-contrib-nodeunit": "~5.0.0",
				"grunt-contrib-uglify": "^5.2.2",
				"husky": "^8.0.3",
				"lint-staged": "^13.2.1",
				"prettier": "2.8.7"
			},
			"engines": {
				"node": ">= 0.4.0"
			}
		},
		"../../node_modules/.pnpm/fs-extra@11.2.0/node_modules/fs-extra": {
			"version": "11.2.0",
			"license": "MIT",
			"dependencies": {
				"graceful-fs": "^4.2.0",
				"jsonfile": "^6.0.1",
				"universalify": "^2.0.0"
			},
			"devDependencies": {
				"klaw": "^2.1.1",
				"klaw-sync": "^3.0.2",
				"minimist": "^1.1.1",
				"mocha": "^10.1.0",
				"nyc": "^15.0.0",
				"proxyquire": "^2.0.1",
				"read-dir-files": "^0.1.1",
				"standard": "^17.0.0"
			},
			"engines": {
				"node": ">=14.14"
			}
		},
		"../../node_modules/.pnpm/picocolors@1.1.1/node_modules/picocolors": {
			"version": "1.1.1",
			"license": "ISC"
		},
		"../../node_modules/.pnpm/simple-git@3.27.0/node_modules/simple-git": {
			"version": "3.27.0",
			"license": "MIT",
			"dependencies": {
				"@kwsites/file-exists": "^1.1.1",
				"@kwsites/promise-deferred": "^1.1.1",
				"debug": "^4.3.5"
			},
			"devDependencies": {
				"@kwsites/promise-result": "^1.1.0",
				"@simple-git/babel-config": "^1.0.0",
				"@types/debug": "^4.1.12",
				"@types/jest": "^29.2.2",
				"@types/node": "^22.5.1",
				"esbuild": "^0.14.10",
				"esbuild-node-externals": "^1.4.1",
				"jest": "^29.7.0",
				"ts-node": "^10.9.2",
				"typescript": "^5.5.4"
			},
			"funding": {
				"type": "github",
				"url": "https://github.com/steveukx/git-js?sponsor=1"
			}
		},
		"../../node_modules/.pnpm/yocto-spinner@0.1.2/node_modules/yocto-spinner": {
			"version": "0.1.2",
			"license": "MIT",
			"dependencies": {
				"yoctocolors": "^2.1.1"
			},
			"devDependencies": {
				"ava": "^6.1.3",
				"typescript": "^5.5.4",
				"xo": "^0.59.3"
			},
			"engines": {
				"node": ">=18.19"
			},
			"funding": {
				"url": "https://github.com/sponsors/sindresorhus"
			}
		},
		"node_modules/@clack/prompts": {
			"resolved": "../../node_modules/.pnpm/@clack+prompts@0.8.2/node_modules/@clack/prompts",
			"link": true
		},
		"node_modules/commander": {
			"resolved": "../../node_modules/.pnpm/commander@12.1.0/node_modules/commander",
			"link": true
		},
		"node_modules/figlet": {
			"resolved": "../../node_modules/.pnpm/figlet@1.8.0/node_modules/figlet",
			"link": true
		},
		"node_modules/fs-extra": {
			"resolved": "../../node_modules/.pnpm/fs-extra@11.2.0/node_modules/fs-extra",
			"link": true
		},
		"node_modules/picocolors": {
			"resolved": "../../node_modules/.pnpm/picocolors@1.1.1/node_modules/picocolors",
			"link": true
		},
		"node_modules/simple-git": {
			"resolved": "../../node_modules/.pnpm/simple-git@3.27.0/node_modules/simple-git",
			"link": true
		},
		"node_modules/yocto-spinner": {
			"resolved": "../../node_modules/.pnpm/yocto-spinner@0.1.2/node_modules/yocto-spinner",
			"link": true
		}
	}
}
